
Microsoft Visual Studio Solution File, Format Version 12.00
# Visual Studio Version 17
VisualStudioVersion = 17.14.36908.2 d17.14
MinimumVisualStudioVersion = 10.0.40219.1
Project("{2150E333-8FDC-42A3-9474-1A3956D46DE8}") = "src", "src", "{02EA681E-C7D8-13C7-8484-4AC65E1B71E8}"
EndProject
Project("{2150E333-8FDC-42A3-9474-1A3956D46DE8}") = "tests", "tests", "{7A9FE38D-7BEF-439B-9BC3-E7B41A743D96}"
EndProject
Project("{2150E333-8FDC-42A3-9474-1A3956D46DE8}") = "docs", "docs", "{6AE92505-4382-419F-82B9-F51900F78AFD}"
EndProject
Project("{FAE04EC0-301F-11D3-BF4B-00C04F79EFBC}") = "TattoHub.Domain", "TattoHub.Domain\TattoHub.Domain.csproj", "{F431D3D0-1B6E-472E-9972-CA2B8C3F0E08}"
EndProject
Project("{FAE04EC0-301F-11D3-BF4B-00C04F79EFBC}") = "TattooHub.Application", "TattooHub.Application\TattooHub.Application.csproj", "{E6B4F615-A519-471A-8904-521FF6244949}"
	ProjectSection(ProjectDependencies) = postProject
		{F431D3D0-1B6E-472E-9972-CA2B8C3F0E08} = {F431D3D0-1B6E-472E-9972-CA2B8C3F0E08}
	EndProjectSection
EndProject
Project("{FAE04EC0-301F-11D3-BF4B-00C04F79EFBC}") = "TattooHub.Infrastructure", "TattooHub.Infrastructure\TattooHub.Infrastructure.csproj", "{776B274D-545C-424A-914F-953688760822}"
	ProjectSection(ProjectDependencies) = postProject
		{E6B4F615-A519-471A-8904-521FF6244949} = {E6B4F615-A519-471A-8904-521FF6244949}
		{F431D3D0-1B6E-472E-9972-CA2B8C3F0E08} = {F431D3D0-1B6E-472E-9972-CA2B8C3F0E08}
	EndProjectSection
EndProject
Project("{FAE04EC0-301F-11D3-BF4B-00C04F79EFBC}") = "TattooHub.API", "TattooHub.API\TattooHub.API.csproj", "{E7A2F0B8-7FF6-48C3-85E6-B15D4507510C}"
	ProjectSection(ProjectDependencies) = postProject
		{776B274D-545C-424A-914F-953688760822} = {776B274D-545C-424A-914F-953688760822}
		{E6B4F615-A519-471A-8904-521FF6244949} = {E6B4F615-A519-471A-8904-521FF6244949}
	EndProjectSection
EndProject
Global
	GlobalSection(SolutionConfigurationPlatforms) = preSolution
		Debug|Any CPU = Debug|Any CPU
		Release|Any CPU = Release|Any CPU
	EndGlobalSection
	GlobalSection(ProjectConfigurationPlatforms) = postSolution
		{F431D3D0-1B6E-472E-9972-CA2B8C3F0E08}.Debug|Any CPU.ActiveCfg = Debug|Any CPU
		{F431D3D0-1B6E-472E-9972-CA2B8C3F0E08}.Debug|Any CPU.Build.0 = Debug|Any CPU
		{F431D3D0-1B6E-472E-9972-CA2B8C3F0E08}.Release|Any CPU.ActiveCfg = Release|Any CPU
		{F431D3D0-1B6E-472E-9972-CA2B8C3F0E08}.Release|Any CPU.Build.0 = Release|Any CPU
		{E6B4F615-A519-471A-8904-521FF6244949}.Debug|Any CPU.ActiveCfg = Debug|Any CPU
		{E6B4F615-A519-471A-8904-521FF6244949}.Debug|Any CPU.Build.0 = Debug|Any CPU
		{E6B4F615-A519-471A-8904-521FF6244949}.Release|Any CPU.ActiveCfg = Release|Any CPU
		{E6B4F615-A519-471A-8904-521FF6244949}.Release|Any CPU.Build.0 = Release|Any CPU
		{776B274D-545C-424A-914F-953688760822}.Debug|Any CPU.ActiveCfg = Debug|Any CPU
		{776B274D-545C-424A-914F-953688760822}.Debug|Any CPU.Build.0 = Debug|Any CPU
		{776B274D-545C-424A-914F-953688760822}.Release|Any CPU.ActiveCfg = Release|Any CPU
		{776B274D-545C-424A-914F-953688760822}.Release|Any CPU.Build.0 = Release|Any CPU
		{E7A2F0B8-7FF6-48C3-85E6-B15D4507510C}.Debug|Any CPU.ActiveCfg = Debug|Any CPU
		{E7A2F0B8-7FF6-48C3-85E6-B15D4507510C}.Debug|Any CPU.Build.0 = Debug|Any CPU
		{E7A2F0B8-7FF6-48C3-85E6-B15D4507510C}.Release|Any CPU.ActiveCfg = Release|Any CPU
		{E7A2F0B8-7FF6-48C3-85E6-B15D4507510C}.Release|Any CPU.Build.0 = Release|Any CPU
	EndGlobalSection
	GlobalSection(SolutionProperties) = preSolution
		HideSolutionNode = FALSE
	EndGlobalSection
	GlobalSection(NestedProjects) = preSolution
		{F431D3D0-1B6E-472E-9972-CA2B8C3F0E08} = {6AE92505-4382-419F-82B9-F51900F78AFD}
		{E6B4F615-A519-471A-8904-521FF6244949} = {6AE92505-4382-419F-82B9-F51900F78AFD}
		{776B274D-545C-424A-914F-953688760822} = {6AE92505-4382-419F-82B9-F51900F78AFD}
		{E7A2F0B8-7FF6-48C3-85E6-B15D4507510C} = {6AE92505-4382-419F-82B9-F51900F78AFD}
	EndGlobalSection
	GlobalSection(ExtensibilityGlobals) = postSolution
		SolutionGuid = {EF088B1A-1F20-4CC1-8FDF-F254C912C34A}
	EndGlobalSection
EndGlobal
